
Microsoft Visual Studio Solution File, Format Version 12.00
# Visual Studio Version 17
VisualStudioVersion = 17.14.36109.1
MinimumVisualStudioVersion = 10.0.40219.1
Project("{FAE04EC0-301F-11D3-BF4B-00C04F79EFBC}") = "01_Intro", "01_Intro\01_Intro.csproj", "{A8417934-DD6B-405D-80F6-2506E33099C1}"
EndProject
Project("{FAE04EC0-301F-11D3-BF4B-00C04F79EFBC}") = "01_intro2", "01_intro2\01_intro2.csproj", "{2FCB5B23-F84E-4777-91BB-8FB6785D9F83}"
EndProject
Project("{FAE04EC0-301F-11D3-BF4B-00C04F79EFBC}") = "02_ref params", "02_ref params\02_ref params.csproj", "{807843A7-549D-4F84-84E2-77E95DC0FC94}"
EndProject
Project("{FAE04EC0-301F-11D3-BF4B-00C04F79EFBC}") = "03_ array one dim", "03_ array one dim\03_ array one dim.csproj", "{61EF766E-2F1F-4555-80CA-A3FA4B090D0A}"
EndProject
Project("{FAE04EC0-301F-11D3-BF4B-00C04F79EFBC}") = "04_array multi dim", "04_array multi dim\04_array multi dim.csproj", "{CF0DEA36-1AF1-4FB2-A47C-153FD73CACA6}"
EndProject
Project("{FAE04EC0-301F-11D3-BF4B-00C04F79EFBC}") = "05_string & stringBuilder", "05_string & stringBuilder\05_string & stringBuilder.csproj", "{C50206B2-3D90-4A94-8920-1227A5C5FD90}"
EndProject
Global
	GlobalSection(SolutionConfigurationPlatforms) = preSolution
		Debug|Any CPU = Debug|Any CPU
		Release|Any CPU = Release|Any CPU
	EndGlobalSection
	GlobalSection(ProjectConfigurationPlatforms) = postSolution
		{A8417934-DD6B-405D-80F6-2506E33099C1}.Debug|Any CPU.ActiveCfg = Debug|Any CPU
		{A8417934-DD6B-405D-80F6-2506E33099C1}.Debug|Any CPU.Build.0 = Debug|Any CPU
		{A8417934-DD6B-405D-80F6-2506E33099C1}.Release|Any CPU.ActiveCfg = Release|Any CPU
		{A8417934-DD6B-405D-80F6-2506E33099C1}.Release|Any CPU.Build.0 = Release|Any CPU
		{2FCB5B23-F84E-4777-91BB-8FB6785D9F83}.Debug|Any CPU.ActiveCfg = Debug|Any CPU
		{2FCB5B23-F84E-4777-91BB-8FB6785D9F83}.Debug|Any CPU.Build.0 = Debug|Any CPU
		{2FCB5B23-F84E-4777-91BB-8FB6785D9F83}.Release|Any CPU.ActiveCfg = Release|Any CPU
		{2FCB5B23-F84E-4777-91BB-8FB6785D9F83}.Release|Any CPU.Build.0 = Release|Any CPU
		{807843A7-549D-4F84-84E2-77E95DC0FC94}.Debug|Any CPU.ActiveCfg = Debug|Any CPU
		{807843A7-549D-4F84-84E2-77E95DC0FC94}.Debug|Any CPU.Build.0 = Debug|Any CPU
		{807843A7-549D-4F84-84E2-77E95DC0FC94}.Release|Any CPU.ActiveCfg = Release|Any CPU
		{807843A7-549D-4F84-84E2-77E95DC0FC94}.Release|Any CPU.Build.0 = Release|Any CPU
		{61EF766E-2F1F-4555-80CA-A3FA4B090D0A}.Debug|Any CPU.ActiveCfg = Debug|Any CPU
		{61EF766E-2F1F-4555-80CA-A3FA4B090D0A}.Debug|Any CPU.Build.0 = Debug|Any CPU
		{61EF766E-2F1F-4555-80CA-A3FA4B090D0A}.Release|Any CPU.ActiveCfg = Release|Any CPU
		{61EF766E-2F1F-4555-80CA-A3FA4B090D0A}.Release|Any CPU.Build.0 = Release|Any CPU
		{CF0DEA36-1AF1-4FB2-A47C-153FD73CACA6}.Debug|Any CPU.ActiveCfg = Debug|Any CPU
		{CF0DEA36-1AF1-4FB2-A47C-153FD73CACA6}.Debug|Any CPU.Build.0 = Debug|Any CPU
		{CF0DEA36-1AF1-4FB2-A47C-153FD73CACA6}.Release|Any CPU.ActiveCfg = Release|Any CPU
		{CF0DEA36-1AF1-4FB2-A47C-153FD73CACA6}.Release|Any CPU.Build.0 = Release|Any CPU
		{C50206B2-3D90-4A94-8920-1227A5C5FD90}.Debug|Any CPU.ActiveCfg = Debug|Any CPU
		{C50206B2-3D90-4A94-8920-1227A5C5FD90}.Debug|Any CPU.Build.0 = Debug|Any CPU
		{C50206B2-3D90-4A94-8920-1227A5C5FD90}.Release|Any CPU.ActiveCfg = Release|Any CPU
		{C50206B2-3D90-4A94-8920-1227A5C5FD90}.Release|Any CPU.Build.0 = Release|Any CPU
	EndGlobalSection
	GlobalSection(SolutionProperties) = preSolution
		HideSolutionNode = FALSE
	EndGlobalSection
	GlobalSection(ExtensibilityGlobals) = postSolution
		SolutionGuid = {7DE04286-CB3D-4099-9267-EFA54CB376EF}
	EndGlobalSection
EndGlobal
