
Microsoft Visual Studio Solution File, Format Version 12.00
# Visual Studio Version 17
VisualStudioVersion = 17.14.36109.1
MinimumVisualStudioVersion = 10.0.40219.1
Project("{FAE04EC0-301F-11D3-BF4B-00C04F79EFBC}") = "01_Intro", "01_Intro\01_Intro.csproj", "{A8417934-DD6B-405D-80F6-2506E33099C1}"
EndProject
Project("{FAE04EC0-301F-11D3-BF4B-00C04F79EFBC}") = "01_intro2", "01_intro2\01_intro2.csproj", "{2FCB5B23-F84E-4777-91BB-8FB6785D9F83}"
EndProject
Project("{FAE04EC0-301F-11D3-BF4B-00C04F79EFBC}") = "02_ref params", "02_ref params\02_ref params.csproj", "{807843A7-549D-4F84-84E2-77E95DC0FC94}"
EndProject
Project("{FAE04EC0-301F-11D3-BF4B-00C04F79EFBC}") = "03_ array one dim", "03_ array one dim\03_ array one dim.csproj", "{61EF766E-2F1F-4555-80CA-A3FA4B090D0A}"
EndProject
Project("{FAE04EC0-301F-11D3-BF4B-00C04F79EFBC}") = "04_array multi dim", "04_array multi dim\04_array multi dim.csproj", "{CF0DEA36-1AF1-4FB2-A47C-153FD73CACA6}"
EndProject
Project("{FAE04EC0-301F-11D3-BF4B-00C04F79EFBC}") = "05_string & stringBuilder", "05_string & stringBuilder\05_string & stringBuilder.csproj", "{C50206B2-3D90-4A94-8920-1227A5C5FD90}"
EndProject
Project("{FAE04EC0-301F-11D3-BF4B-00C04F79EFBC}") = "06_Intro class", "06_Intro class\06_Intro class.csproj", "{0CABE31E-855B-416C-BA6F-3F776EC0BCC6}"
EndProject
Project("{FAE04EC0-301F-11D3-BF4B-00C04F79EFBC}") = "07_Static field _ method", "07_Static field _ method\07_Static field _ method.csproj", "{024223EA-9557-4CC5-A45B-1F0F7BABBA44}"
EndProject
Project("{FAE04EC0-301F-11D3-BF4B-00C04F79EFBC}") = "08_static class", "08_static class\08_static class.csproj", "{9FCB61D2-B7B9-4848-BB08-54934DF82074}"
EndProject
Project("{FAE04EC0-301F-11D3-BF4B-00C04F79EFBC}") = "09_Nullable & null operators", "09_Nullable & null operators\09_Nullable & null operators.csproj", "{2225B467-FE09-4EDC-A0AF-876D2609B53B}"
EndProject
Project("{FAE04EC0-301F-11D3-BF4B-00C04F79EFBC}") = "10_Overload operators", "10_Overload operators\10_Overload operators.csproj", "{D052EA0D-AB79-43AF-A551-2396313CAFD5}"
EndProject
Project("{FAE04EC0-301F-11D3-BF4B-00C04F79EFBC}") = "11_Indexers", "11_Indexers\11_Indexers.csproj", "{FB2374A8-A722-49C6-9596-FE5283AF35BB}"
EndProject
Project("{FAE04EC0-301F-11D3-BF4B-00C04F79EFBC}") = "12_boxing & unboxing", "12_boxing & unboxing\12_boxing & unboxing.csproj", "{6EBC1AC3-DE4C-4590-AD2C-91536DBDEF48}"
EndProject
Project("{FAE04EC0-301F-11D3-BF4B-00C04F79EFBC}") = "13_Inheritance", "13_Inheritance\13_Inheritance.csproj", "{95E1AC6B-8325-4BB3-A6E1-2AB55D8E42DD}"
EndProject
Project("{FAE04EC0-301F-11D3-BF4B-00C04F79EFBC}") = "04_helper home", "04_helper home\04_helper home.csproj", "{9855C68A-C366-4C9A-8EC0-DAB6D7379E07}"
EndProject
Project("{FAE04EC0-301F-11D3-BF4B-00C04F79EFBC}") = "14_Exception", "14_Exception\14_Exception.csproj", "{5C6D2D11-AC56-44F2-A0E0-7AEDE53B4046}"
EndProject
Project("{FAE04EC0-301F-11D3-BF4B-00C04F79EFBC}") = "15_Exception", "15_Exception\15_Exception.csproj", "{D2EEF05A-93C5-4F26-9731-FA9AF4A54A89}"
EndProject
Global
	GlobalSection(SolutionConfigurationPlatforms) = preSolution
		Debug|Any CPU = Debug|Any CPU
		Release|Any CPU = Release|Any CPU
	EndGlobalSection
	GlobalSection(ProjectConfigurationPlatforms) = postSolution
		{A8417934-DD6B-405D-80F6-2506E33099C1}.Debug|Any CPU.ActiveCfg = Debug|Any CPU
		{A8417934-DD6B-405D-80F6-2506E33099C1}.Debug|Any CPU.Build.0 = Debug|Any CPU
		{A8417934-DD6B-405D-80F6-2506E33099C1}.Release|Any CPU.ActiveCfg = Release|Any CPU
		{A8417934-DD6B-405D-80F6-2506E33099C1}.Release|Any CPU.Build.0 = Release|Any CPU
		{2FCB5B23-F84E-4777-91BB-8FB6785D9F83}.Debug|Any CPU.ActiveCfg = Debug|Any CPU
		{2FCB5B23-F84E-4777-91BB-8FB6785D9F83}.Debug|Any CPU.Build.0 = Debug|Any CPU
		{2FCB5B23-F84E-4777-91BB-8FB6785D9F83}.Release|Any CPU.ActiveCfg = Release|Any CPU
		{2FCB5B23-F84E-4777-91BB-8FB6785D9F83}.Release|Any CPU.Build.0 = Release|Any CPU
		{807843A7-549D-4F84-84E2-77E95DC0FC94}.Debug|Any CPU.ActiveCfg = Debug|Any CPU
		{807843A7-549D-4F84-84E2-77E95DC0FC94}.Debug|Any CPU.Build.0 = Debug|Any CPU
		{807843A7-549D-4F84-84E2-77E95DC0FC94}.Release|Any CPU.ActiveCfg = Release|Any CPU
		{807843A7-549D-4F84-84E2-77E95DC0FC94}.Release|Any CPU.Build.0 = Release|Any CPU
		{61EF766E-2F1F-4555-80CA-A3FA4B090D0A}.Debug|Any CPU.ActiveCfg = Debug|Any CPU
		{61EF766E-2F1F-4555-80CA-A3FA4B090D0A}.Debug|Any CPU.Build.0 = Debug|Any CPU
		{61EF766E-2F1F-4555-80CA-A3FA4B090D0A}.Release|Any CPU.ActiveCfg = Release|Any CPU
		{61EF766E-2F1F-4555-80CA-A3FA4B090D0A}.Release|Any CPU.Build.0 = Release|Any CPU
		{CF0DEA36-1AF1-4FB2-A47C-153FD73CACA6}.Debug|Any CPU.ActiveCfg = Debug|Any CPU
		{CF0DEA36-1AF1-4FB2-A47C-153FD73CACA6}.Debug|Any CPU.Build.0 = Debug|Any CPU
		{CF0DEA36-1AF1-4FB2-A47C-153FD73CACA6}.Release|Any CPU.ActiveCfg = Release|Any CPU
		{CF0DEA36-1AF1-4FB2-A47C-153FD73CACA6}.Release|Any CPU.Build.0 = Release|Any CPU
		{C50206B2-3D90-4A94-8920-1227A5C5FD90}.Debug|Any CPU.ActiveCfg = Debug|Any CPU
		{C50206B2-3D90-4A94-8920-1227A5C5FD90}.Debug|Any CPU.Build.0 = Debug|Any CPU
		{C50206B2-3D90-4A94-8920-1227A5C5FD90}.Release|Any CPU.ActiveCfg = Release|Any CPU
		{C50206B2-3D90-4A94-8920-1227A5C5FD90}.Release|Any CPU.Build.0 = Release|Any CPU
		{0CABE31E-855B-416C-BA6F-3F776EC0BCC6}.Debug|Any CPU.ActiveCfg = Debug|Any CPU
		{0CABE31E-855B-416C-BA6F-3F776EC0BCC6}.Debug|Any CPU.Build.0 = Debug|Any CPU
		{0CABE31E-855B-416C-BA6F-3F776EC0BCC6}.Release|Any CPU.ActiveCfg = Release|Any CPU
		{0CABE31E-855B-416C-BA6F-3F776EC0BCC6}.Release|Any CPU.Build.0 = Release|Any CPU
		{024223EA-9557-4CC5-A45B-1F0F7BABBA44}.Debug|Any CPU.ActiveCfg = Debug|Any CPU
		{024223EA-9557-4CC5-A45B-1F0F7BABBA44}.Debug|Any CPU.Build.0 = Debug|Any CPU
		{024223EA-9557-4CC5-A45B-1F0F7BABBA44}.Release|Any CPU.ActiveCfg = Release|Any CPU
		{024223EA-9557-4CC5-A45B-1F0F7BABBA44}.Release|Any CPU.Build.0 = Release|Any CPU
		{9FCB61D2-B7B9-4848-BB08-54934DF82074}.Debug|Any CPU.ActiveCfg = Debug|Any CPU
		{9FCB61D2-B7B9-4848-BB08-54934DF82074}.Debug|Any CPU.Build.0 = Debug|Any CPU
		{9FCB61D2-B7B9-4848-BB08-54934DF82074}.Release|Any CPU.ActiveCfg = Release|Any CPU
		{9FCB61D2-B7B9-4848-BB08-54934DF82074}.Release|Any CPU.Build.0 = Release|Any CPU
		{2225B467-FE09-4EDC-A0AF-876D2609B53B}.Debug|Any CPU.ActiveCfg = Debug|Any CPU
		{2225B467-FE09-4EDC-A0AF-876D2609B53B}.Debug|Any CPU.Build.0 = Debug|Any CPU
		{2225B467-FE09-4EDC-A0AF-876D2609B53B}.Release|Any CPU.ActiveCfg = Release|Any CPU
		{2225B467-FE09-4EDC-A0AF-876D2609B53B}.Release|Any CPU.Build.0 = Release|Any CPU
		{D052EA0D-AB79-43AF-A551-2396313CAFD5}.Debug|Any CPU.ActiveCfg = Debug|Any CPU
		{D052EA0D-AB79-43AF-A551-2396313CAFD5}.Debug|Any CPU.Build.0 = Debug|Any CPU
		{D052EA0D-AB79-43AF-A551-2396313CAFD5}.Release|Any CPU.ActiveCfg = Release|Any CPU
		{D052EA0D-AB79-43AF-A551-2396313CAFD5}.Release|Any CPU.Build.0 = Release|Any CPU
		{FB2374A8-A722-49C6-9596-FE5283AF35BB}.Debug|Any CPU.ActiveCfg = Debug|Any CPU
		{FB2374A8-A722-49C6-9596-FE5283AF35BB}.Debug|Any CPU.Build.0 = Debug|Any CPU
		{FB2374A8-A722-49C6-9596-FE5283AF35BB}.Release|Any CPU.ActiveCfg = Release|Any CPU
		{FB2374A8-A722-49C6-9596-FE5283AF35BB}.Release|Any CPU.Build.0 = Release|Any CPU
		{6EBC1AC3-DE4C-4590-AD2C-91536DBDEF48}.Debug|Any CPU.ActiveCfg = Debug|Any CPU
		{6EBC1AC3-DE4C-4590-AD2C-91536DBDEF48}.Debug|Any CPU.Build.0 = Debug|Any CPU
		{6EBC1AC3-DE4C-4590-AD2C-91536DBDEF48}.Release|Any CPU.ActiveCfg = Release|Any CPU
		{6EBC1AC3-DE4C-4590-AD2C-91536DBDEF48}.Release|Any CPU.Build.0 = Release|Any CPU
		{95E1AC6B-8325-4BB3-A6E1-2AB55D8E42DD}.Debug|Any CPU.ActiveCfg = Debug|Any CPU
		{95E1AC6B-8325-4BB3-A6E1-2AB55D8E42DD}.Debug|Any CPU.Build.0 = Debug|Any CPU
		{95E1AC6B-8325-4BB3-A6E1-2AB55D8E42DD}.Release|Any CPU.ActiveCfg = Release|Any CPU
		{95E1AC6B-8325-4BB3-A6E1-2AB55D8E42DD}.Release|Any CPU.Build.0 = Release|Any CPU
		{9855C68A-C366-4C9A-8EC0-DAB6D7379E07}.Debug|Any CPU.ActiveCfg = Debug|Any CPU
		{9855C68A-C366-4C9A-8EC0-DAB6D7379E07}.Debug|Any CPU.Build.0 = Debug|Any CPU
		{9855C68A-C366-4C9A-8EC0-DAB6D7379E07}.Release|Any CPU.ActiveCfg = Release|Any CPU
		{9855C68A-C366-4C9A-8EC0-DAB6D7379E07}.Release|Any CPU.Build.0 = Release|Any CPU
		{5C6D2D11-AC56-44F2-A0E0-7AEDE53B4046}.Debug|Any CPU.ActiveCfg = Debug|Any CPU
		{5C6D2D11-AC56-44F2-A0E0-7AEDE53B4046}.Debug|Any CPU.Build.0 = Debug|Any CPU
		{5C6D2D11-AC56-44F2-A0E0-7AEDE53B4046}.Release|Any CPU.ActiveCfg = Release|Any CPU
		{5C6D2D11-AC56-44F2-A0E0-7AEDE53B4046}.Release|Any CPU.Build.0 = Release|Any CPU
		{D2EEF05A-93C5-4F26-9731-FA9AF4A54A89}.Debug|Any CPU.ActiveCfg = Debug|Any CPU
		{D2EEF05A-93C5-4F26-9731-FA9AF4A54A89}.Debug|Any CPU.Build.0 = Debug|Any CPU
		{D2EEF05A-93C5-4F26-9731-FA9AF4A54A89}.Release|Any CPU.ActiveCfg = Release|Any CPU
		{D2EEF05A-93C5-4F26-9731-FA9AF4A54A89}.Release|Any CPU.Build.0 = Release|Any CPU
	EndGlobalSection
	GlobalSection(SolutionProperties) = preSolution
		HideSolutionNode = FALSE
	EndGlobalSection
	GlobalSection(ExtensibilityGlobals) = postSolution
		SolutionGuid = {7DE04286-CB3D-4099-9267-EFA54CB376EF}
	EndGlobalSection
EndGlobal
