
Microsoft Visual Studio Solution File, Format Version 12.00
# Visual Studio Version 17
VisualStudioVersion = 17.14.36109.1
MinimumVisualStudioVersion = 10.0.40219.1
Project("{FAE04EC0-301F-11D3-BF4B-00C04F79EFBC}") = "01_Intro", "01_Intro\01_Intro.csproj", "{A8417934-DD6B-405D-80F6-2506E33099C1}"
EndProject
Project("{FAE04EC0-301F-11D3-BF4B-00C04F79EFBC}") = "01_intro2", "01_intro2\01_intro2.csproj", "{2FCB5B23-F84E-4777-91BB-8FB6785D9F83}"
EndProject
Project("{FAE04EC0-301F-11D3-BF4B-00C04F79EFBC}") = "02_ref params", "02_ref params\02_ref params.csproj", "{807843A7-549D-4F84-84E2-77E95DC0FC94}"
EndProject
Project("{FAE04EC0-301F-11D3-BF4B-00C04F79EFBC}") = "03_ array one dim", "03_ array one dim\03_ array one dim.csproj", "{61EF766E-2F1F-4555-80CA-A3FA4B090D0A}"
EndProject
Project("{FAE04EC0-301F-11D3-BF4B-00C04F79EFBC}") = "04_array multi dim", "04_array multi dim\04_array multi dim.csproj", "{CF0DEA36-1AF1-4FB2-A47C-153FD73CACA6}"
EndProject
Project("{FAE04EC0-301F-11D3-BF4B-00C04F79EFBC}") = "05_string & stringBuilder", "05_string & stringBuilder\05_string & stringBuilder.csproj", "{C50206B2-3D90-4A94-8920-1227A5C5FD90}"
EndProject
Project("{FAE04EC0-301F-11D3-BF4B-00C04F79EFBC}") = "06_Intro class", "06_Intro class\06_Intro class.csproj", "{0CABE31E-855B-416C-BA6F-3F776EC0BCC6}"
EndProject
Project("{FAE04EC0-301F-11D3-BF4B-00C04F79EFBC}") = "07_Static field _ method", "07_Static field _ method\07_Static field _ method.csproj", "{024223EA-9557-4CC5-A45B-1F0F7BABBA44}"
EndProject
Project("{FAE04EC0-301F-11D3-BF4B-00C04F79EFBC}") = "08_static class", "08_static class\08_static class.csproj", "{9FCB61D2-B7B9-4848-BB08-54934DF82074}"
EndProject
Project("{FAE04EC0-301F-11D3-BF4B-00C04F79EFBC}") = "09_Nullable & null operators", "09_Nullable & null operators\09_Nullable & null operators.csproj", "{2225B467-FE09-4EDC-A0AF-876D2609B53B}"
EndProject
Project("{FAE04EC0-301F-11D3-BF4B-00C04F79EFBC}") = "10_Overload operators", "10_Overload operators\10_Overload operators.csproj", "{D052EA0D-AB79-43AF-A551-2396313CAFD5}"
EndProject
Project("{FAE04EC0-301F-11D3-BF4B-00C04F79EFBC}") = "11_Indexers", "11_Indexers\11_Indexers.csproj", "{FB2374A8-A722-49C6-9596-FE5283AF35BB}"
EndProject
Project("{FAE04EC0-301F-11D3-BF4B-00C04F79EFBC}") = "12_boxing & unboxing", "12_boxing & unboxing\12_boxing & unboxing.csproj", "{6EBC1AC3-DE4C-4590-AD2C-91536DBDEF48}"
EndProject
Project("{FAE04EC0-301F-11D3-BF4B-00C04F79EFBC}") = "13_Inheritance", "13_Inheritance\13_Inheritance.csproj", "{95E1AC6B-8325-4BB3-A6E1-2AB55D8E42DD}"
EndProject
Project("{FAE04EC0-301F-11D3-BF4B-00C04F79EFBC}") = "04_helper home", "04_helper home\04_helper home.csproj", "{9855C68A-C366-4C9A-8EC0-DAB6D7379E07}"
EndProject
Project("{FAE04EC0-301F-11D3-BF4B-00C04F79EFBC}") = "16_Interface", "14_Exception\16_Interface.csproj", "{5C6D2D11-AC56-44F2-A0E0-7AEDE53B4046}"
EndProject
Project("{FAE04EC0-301F-11D3-BF4B-00C04F79EFBC}") = "15_Exception", "15_Exception\15_Exception.csproj", "{D2EEF05A-93C5-4F26-9731-FA9AF4A54A89}"
EndProject
Project("{FAE04EC0-301F-11D3-BF4B-00C04F79EFBC}") = "17_ICloneable", "17_ICloneable\17_ICloneable.csproj", "{CE3561F5-5765-4D54-8A69-1EB5A2AE48F2}"
EndProject
Project("{FAE04EC0-301F-11D3-BF4B-00C04F79EFBC}") = "18_IEnumerable", "18_IEnumerable\18_IEnumerable.csproj", "{13478A08-D60D-4791-A018-4A6A92D73009}"
EndProject
Project("{FAE04EC0-301F-11D3-BF4B-00C04F79EFBC}") = "19_Extension methods", "19_Extension methods\19_Extension methods.csproj", "{1D36C1AB-B420-4115-AAEB-6D833641CB91}"
EndProject
Project("{FAE04EC0-301F-11D3-BF4B-00C04F79EFBC}") = "20_Enum_demo", "20_Enum_demo\20_Enum_demo.csproj", "{EE62EC3D-6062-42BE-9769-A1F0E64A6F2B}"
EndProject
Project("{FAE04EC0-301F-11D3-BF4B-00C04F79EFBC}") = "21_Struct", "21_Struct\21_Struct.csproj", "{BBBF8A07-4D83-46D6-AA85-AE6A69CECEDA}"
EndProject
Project("{FAE04EC0-301F-11D3-BF4B-00C04F79EFBC}") = "22_Delegate", "22_Delegate\22_Delegate.csproj", "{C70CBE39-3D34-4F46-8DB3-271FB1CDA557}"
EndProject
Project("{FAE04EC0-301F-11D3-BF4B-00C04F79EFBC}") = "23_Delegate as params", "23_Delegate as params\23_Delegate as params.csproj", "{96969B90-4F25-4508-84DD-C049A1AAA6E5}"
EndProject
Project("{FAE04EC0-301F-11D3-BF4B-00C04F79EFBC}") = "24_std_Delegates", "24_std_Delegates\24_std_Delegates.csproj", "{083122E6-C942-4D7A-8067-3E67141C49A4}"
EndProject
Project("{FAE04EC0-301F-11D3-BF4B-00C04F79EFBC}") = "25_Events", "Events\25_Events.csproj", "{4EFCAFE5-16AD-4B0C-BB2B-8C9C93DD1613}"
EndProject
Project("{FAE04EC0-301F-11D3-BF4B-00C04F79EFBC}") = "26_EventHandler with args", "26_EventHandler with args\26_EventHandler with args.csproj", "{2FC3DD3F-9AF8-4316-B073-E5BF640EA6FE}"
EndProject
Project("{FAE04EC0-301F-11D3-BF4B-00C04F79EFBC}") = "27_Generics", "27_Generics\27_Generics.csproj", "{21943C70-40A4-4C56-8A35-33D4B9F62210}"
EndProject
Project("{FAE04EC0-301F-11D3-BF4B-00C04F79EFBC}") = "28_Generic - Stack", "28_Generic - Stack\28_Generic - Stack.csproj", "{7C4A88B6-C203-413E-AFAD-46BCC955D36F}"
EndProject
Project("{FAE04EC0-301F-11D3-BF4B-00C04F79EFBC}") = "29_Collection - ArrayList & List", "29_Collection - ArrayList & List\29_Collection - ArrayList & List.csproj", "{24E257DA-8613-40C0-B90E-DAF91BDCC9C6}"
EndProject
Project("{FAE04EC0-301F-11D3-BF4B-00C04F79EFBC}") = "30_std collection", "30_std collection\30_std collection.csproj", "{7274008C-2BE4-40DD-8C99-374F457687FC}"
EndProject
Project("{FAE04EC0-301F-11D3-BF4B-00C04F79EFBC}") = "31_Dictionary_SortedDictionary", "31_Dictionary_SortedDictionary\31_Dictionary_SortedDictionary.csproj", "{E1E24CA3-FDB8-4586-B0B1-AC95EA5395D3}"
EndProject
Project("{FAE04EC0-301F-11D3-BF4B-00C04F79EFBC}") = "32_File Streams", "32_File Streams\32_File Streams.csproj", "{215CDFD9-A4AE-48FD-8B53-19DD9238BC98}"
EndProject
Project("{FAE04EC0-301F-11D3-BF4B-00C04F79EFBC}") = "33_Binary_Writer_Reader", "33_Binary_Writer_Reader\33_Binary_Writer_Reader.csproj", "{EFF1E650-883B-4334-8D72-160589239885}"
EndProject
Project("{FAE04EC0-301F-11D3-BF4B-00C04F79EFBC}") = "34_Stream_Write_Reader", "34_Stream_Write_Reader\34_Stream_Write_Reader.csproj", "{35A589B9-D04D-41AC-AFDC-63262222BF69}"
EndProject
Project("{FAE04EC0-301F-11D3-BF4B-00C04F79EFBC}") = "35_XML_Serialization", "35_XML_Serialization\35_XML_Serialization.csproj", "{C9546DA5-3774-4FC6-BA57-37699659F4A0}"
EndProject
Project("{FAE04EC0-301F-11D3-BF4B-00C04F79EFBC}") = "36_JSON_Serialization", "36_JSON_Serialization\36_JSON_Serialization.csproj", "{FD3E831D-6DAB-4807-9B98-0D5567F221D6}"
EndProject
Project("{FAE04EC0-301F-11D3-BF4B-00C04F79EFBC}") = "37_File _ FileInfo", "37_File _ FileInfo\37_File _ FileInfo.csproj", "{5A748B7F-7F44-467B-9A90-77460014BDCA}"
EndProject
Project("{FAE04EC0-301F-11D3-BF4B-00C04F79EFBC}") = "38_Directory_DirectoryInfo", "38_Directory_DirectoryInfo\38_Directory_DirectoryInfo.csproj", "{7974044A-B519-410B-9038-847DA3CDFD2B}"
EndProject
Project("{FAE04EC0-301F-11D3-BF4B-00C04F79EFBC}") = "39_LINQ to object", "39_LINQ to object\39_LINQ to object.csproj", "{F5AC7FEF-F2C8-43BF-A204-5320EA854F1B}"
EndProject
Global
	GlobalSection(SolutionConfigurationPlatforms) = preSolution
		Debug|Any CPU = Debug|Any CPU
		Release|Any CPU = Release|Any CPU
	EndGlobalSection
	GlobalSection(ProjectConfigurationPlatforms) = postSolution
		{A8417934-DD6B-405D-80F6-2506E33099C1}.Debug|Any CPU.ActiveCfg = Debug|Any CPU
		{A8417934-DD6B-405D-80F6-2506E33099C1}.Debug|Any CPU.Build.0 = Debug|Any CPU
		{A8417934-DD6B-405D-80F6-2506E33099C1}.Release|Any CPU.ActiveCfg = Release|Any CPU
		{A8417934-DD6B-405D-80F6-2506E33099C1}.Release|Any CPU.Build.0 = Release|Any CPU
		{2FCB5B23-F84E-4777-91BB-8FB6785D9F83}.Debug|Any CPU.ActiveCfg = Debug|Any CPU
		{2FCB5B23-F84E-4777-91BB-8FB6785D9F83}.Debug|Any CPU.Build.0 = Debug|Any CPU
		{2FCB5B23-F84E-4777-91BB-8FB6785D9F83}.Release|Any CPU.ActiveCfg = Release|Any CPU
		{2FCB5B23-F84E-4777-91BB-8FB6785D9F83}.Release|Any CPU.Build.0 = Release|Any CPU
		{807843A7-549D-4F84-84E2-77E95DC0FC94}.Debug|Any CPU.ActiveCfg = Debug|Any CPU
		{807843A7-549D-4F84-84E2-77E95DC0FC94}.Debug|Any CPU.Build.0 = Debug|Any CPU
		{807843A7-549D-4F84-84E2-77E95DC0FC94}.Release|Any CPU.ActiveCfg = Release|Any CPU
		{807843A7-549D-4F84-84E2-77E95DC0FC94}.Release|Any CPU.Build.0 = Release|Any CPU
		{61EF766E-2F1F-4555-80CA-A3FA4B090D0A}.Debug|Any CPU.ActiveCfg = Debug|Any CPU
		{61EF766E-2F1F-4555-80CA-A3FA4B090D0A}.Debug|Any CPU.Build.0 = Debug|Any CPU
		{61EF766E-2F1F-4555-80CA-A3FA4B090D0A}.Release|Any CPU.ActiveCfg = Release|Any CPU
		{61EF766E-2F1F-4555-80CA-A3FA4B090D0A}.Release|Any CPU.Build.0 = Release|Any CPU
		{CF0DEA36-1AF1-4FB2-A47C-153FD73CACA6}.Debug|Any CPU.ActiveCfg = Debug|Any CPU
		{CF0DEA36-1AF1-4FB2-A47C-153FD73CACA6}.Debug|Any CPU.Build.0 = Debug|Any CPU
		{CF0DEA36-1AF1-4FB2-A47C-153FD73CACA6}.Release|Any CPU.ActiveCfg = Release|Any CPU
		{CF0DEA36-1AF1-4FB2-A47C-153FD73CACA6}.Release|Any CPU.Build.0 = Release|Any CPU
		{C50206B2-3D90-4A94-8920-1227A5C5FD90}.Debug|Any CPU.ActiveCfg = Debug|Any CPU
		{C50206B2-3D90-4A94-8920-1227A5C5FD90}.Debug|Any CPU.Build.0 = Debug|Any CPU
		{C50206B2-3D90-4A94-8920-1227A5C5FD90}.Release|Any CPU.ActiveCfg = Release|Any CPU
		{C50206B2-3D90-4A94-8920-1227A5C5FD90}.Release|Any CPU.Build.0 = Release|Any CPU
		{0CABE31E-855B-416C-BA6F-3F776EC0BCC6}.Debug|Any CPU.ActiveCfg = Debug|Any CPU
		{0CABE31E-855B-416C-BA6F-3F776EC0BCC6}.Debug|Any CPU.Build.0 = Debug|Any CPU
		{0CABE31E-855B-416C-BA6F-3F776EC0BCC6}.Release|Any CPU.ActiveCfg = Release|Any CPU
		{0CABE31E-855B-416C-BA6F-3F776EC0BCC6}.Release|Any CPU.Build.0 = Release|Any CPU
		{024223EA-9557-4CC5-A45B-1F0F7BABBA44}.Debug|Any CPU.ActiveCfg = Debug|Any CPU
		{024223EA-9557-4CC5-A45B-1F0F7BABBA44}.Debug|Any CPU.Build.0 = Debug|Any CPU
		{024223EA-9557-4CC5-A45B-1F0F7BABBA44}.Release|Any CPU.ActiveCfg = Release|Any CPU
		{024223EA-9557-4CC5-A45B-1F0F7BABBA44}.Release|Any CPU.Build.0 = Release|Any CPU
		{9FCB61D2-B7B9-4848-BB08-54934DF82074}.Debug|Any CPU.ActiveCfg = Debug|Any CPU
		{9FCB61D2-B7B9-4848-BB08-54934DF82074}.Debug|Any CPU.Build.0 = Debug|Any CPU
		{9FCB61D2-B7B9-4848-BB08-54934DF82074}.Release|Any CPU.ActiveCfg = Release|Any CPU
		{9FCB61D2-B7B9-4848-BB08-54934DF82074}.Release|Any CPU.Build.0 = Release|Any CPU
		{2225B467-FE09-4EDC-A0AF-876D2609B53B}.Debug|Any CPU.ActiveCfg = Debug|Any CPU
		{2225B467-FE09-4EDC-A0AF-876D2609B53B}.Debug|Any CPU.Build.0 = Debug|Any CPU
		{2225B467-FE09-4EDC-A0AF-876D2609B53B}.Release|Any CPU.ActiveCfg = Release|Any CPU
		{2225B467-FE09-4EDC-A0AF-876D2609B53B}.Release|Any CPU.Build.0 = Release|Any CPU
		{D052EA0D-AB79-43AF-A551-2396313CAFD5}.Debug|Any CPU.ActiveCfg = Debug|Any CPU
		{D052EA0D-AB79-43AF-A551-2396313CAFD5}.Debug|Any CPU.Build.0 = Debug|Any CPU
		{D052EA0D-AB79-43AF-A551-2396313CAFD5}.Release|Any CPU.ActiveCfg = Release|Any CPU
		{D052EA0D-AB79-43AF-A551-2396313CAFD5}.Release|Any CPU.Build.0 = Release|Any CPU
		{FB2374A8-A722-49C6-9596-FE5283AF35BB}.Debug|Any CPU.ActiveCfg = Debug|Any CPU
		{FB2374A8-A722-49C6-9596-FE5283AF35BB}.Debug|Any CPU.Build.0 = Debug|Any CPU
		{FB2374A8-A722-49C6-9596-FE5283AF35BB}.Release|Any CPU.ActiveCfg = Release|Any CPU
		{FB2374A8-A722-49C6-9596-FE5283AF35BB}.Release|Any CPU.Build.0 = Release|Any CPU
		{6EBC1AC3-DE4C-4590-AD2C-91536DBDEF48}.Debug|Any CPU.ActiveCfg = Debug|Any CPU
		{6EBC1AC3-DE4C-4590-AD2C-91536DBDEF48}.Debug|Any CPU.Build.0 = Debug|Any CPU
		{6EBC1AC3-DE4C-4590-AD2C-91536DBDEF48}.Release|Any CPU.ActiveCfg = Release|Any CPU
		{6EBC1AC3-DE4C-4590-AD2C-91536DBDEF48}.Release|Any CPU.Build.0 = Release|Any CPU
		{95E1AC6B-8325-4BB3-A6E1-2AB55D8E42DD}.Debug|Any CPU.ActiveCfg = Debug|Any CPU
		{95E1AC6B-8325-4BB3-A6E1-2AB55D8E42DD}.Debug|Any CPU.Build.0 = Debug|Any CPU
		{95E1AC6B-8325-4BB3-A6E1-2AB55D8E42DD}.Release|Any CPU.ActiveCfg = Release|Any CPU
		{95E1AC6B-8325-4BB3-A6E1-2AB55D8E42DD}.Release|Any CPU.Build.0 = Release|Any CPU
		{9855C68A-C366-4C9A-8EC0-DAB6D7379E07}.Debug|Any CPU.ActiveCfg = Debug|Any CPU
		{9855C68A-C366-4C9A-8EC0-DAB6D7379E07}.Debug|Any CPU.Build.0 = Debug|Any CPU
		{9855C68A-C366-4C9A-8EC0-DAB6D7379E07}.Release|Any CPU.ActiveCfg = Release|Any CPU
		{9855C68A-C366-4C9A-8EC0-DAB6D7379E07}.Release|Any CPU.Build.0 = Release|Any CPU
		{5C6D2D11-AC56-44F2-A0E0-7AEDE53B4046}.Debug|Any CPU.ActiveCfg = Debug|Any CPU
		{5C6D2D11-AC56-44F2-A0E0-7AEDE53B4046}.Debug|Any CPU.Build.0 = Debug|Any CPU
		{5C6D2D11-AC56-44F2-A0E0-7AEDE53B4046}.Release|Any CPU.ActiveCfg = Release|Any CPU
		{5C6D2D11-AC56-44F2-A0E0-7AEDE53B4046}.Release|Any CPU.Build.0 = Release|Any CPU
		{D2EEF05A-93C5-4F26-9731-FA9AF4A54A89}.Debug|Any CPU.ActiveCfg = Debug|Any CPU
		{D2EEF05A-93C5-4F26-9731-FA9AF4A54A89}.Debug|Any CPU.Build.0 = Debug|Any CPU
		{D2EEF05A-93C5-4F26-9731-FA9AF4A54A89}.Release|Any CPU.ActiveCfg = Release|Any CPU
		{D2EEF05A-93C5-4F26-9731-FA9AF4A54A89}.Release|Any CPU.Build.0 = Release|Any CPU
		{CE3561F5-5765-4D54-8A69-1EB5A2AE48F2}.Debug|Any CPU.ActiveCfg = Debug|Any CPU
		{CE3561F5-5765-4D54-8A69-1EB5A2AE48F2}.Debug|Any CPU.Build.0 = Debug|Any CPU
		{CE3561F5-5765-4D54-8A69-1EB5A2AE48F2}.Release|Any CPU.ActiveCfg = Release|Any CPU
		{CE3561F5-5765-4D54-8A69-1EB5A2AE48F2}.Release|Any CPU.Build.0 = Release|Any CPU
		{13478A08-D60D-4791-A018-4A6A92D73009}.Debug|Any CPU.ActiveCfg = Debug|Any CPU
		{13478A08-D60D-4791-A018-4A6A92D73009}.Debug|Any CPU.Build.0 = Debug|Any CPU
		{13478A08-D60D-4791-A018-4A6A92D73009}.Release|Any CPU.ActiveCfg = Release|Any CPU
		{13478A08-D60D-4791-A018-4A6A92D73009}.Release|Any CPU.Build.0 = Release|Any CPU
		{1D36C1AB-B420-4115-AAEB-6D833641CB91}.Debug|Any CPU.ActiveCfg = Debug|Any CPU
		{1D36C1AB-B420-4115-AAEB-6D833641CB91}.Debug|Any CPU.Build.0 = Debug|Any CPU
		{1D36C1AB-B420-4115-AAEB-6D833641CB91}.Release|Any CPU.ActiveCfg = Release|Any CPU
		{1D36C1AB-B420-4115-AAEB-6D833641CB91}.Release|Any CPU.Build.0 = Release|Any CPU
		{EE62EC3D-6062-42BE-9769-A1F0E64A6F2B}.Debug|Any CPU.ActiveCfg = Debug|Any CPU
		{EE62EC3D-6062-42BE-9769-A1F0E64A6F2B}.Debug|Any CPU.Build.0 = Debug|Any CPU
		{EE62EC3D-6062-42BE-9769-A1F0E64A6F2B}.Release|Any CPU.ActiveCfg = Release|Any CPU
		{EE62EC3D-6062-42BE-9769-A1F0E64A6F2B}.Release|Any CPU.Build.0 = Release|Any CPU
		{BBBF8A07-4D83-46D6-AA85-AE6A69CECEDA}.Debug|Any CPU.ActiveCfg = Debug|Any CPU
		{BBBF8A07-4D83-46D6-AA85-AE6A69CECEDA}.Debug|Any CPU.Build.0 = Debug|Any CPU
		{BBBF8A07-4D83-46D6-AA85-AE6A69CECEDA}.Release|Any CPU.ActiveCfg = Release|Any CPU
		{BBBF8A07-4D83-46D6-AA85-AE6A69CECEDA}.Release|Any CPU.Build.0 = Release|Any CPU
		{C70CBE39-3D34-4F46-8DB3-271FB1CDA557}.Debug|Any CPU.ActiveCfg = Debug|Any CPU
		{C70CBE39-3D34-4F46-8DB3-271FB1CDA557}.Debug|Any CPU.Build.0 = Debug|Any CPU
		{C70CBE39-3D34-4F46-8DB3-271FB1CDA557}.Release|Any CPU.ActiveCfg = Release|Any CPU
		{C70CBE39-3D34-4F46-8DB3-271FB1CDA557}.Release|Any CPU.Build.0 = Release|Any CPU
		{96969B90-4F25-4508-84DD-C049A1AAA6E5}.Debug|Any CPU.ActiveCfg = Debug|Any CPU
		{96969B90-4F25-4508-84DD-C049A1AAA6E5}.Debug|Any CPU.Build.0 = Debug|Any CPU
		{96969B90-4F25-4508-84DD-C049A1AAA6E5}.Release|Any CPU.ActiveCfg = Release|Any CPU
		{96969B90-4F25-4508-84DD-C049A1AAA6E5}.Release|Any CPU.Build.0 = Release|Any CPU
		{083122E6-C942-4D7A-8067-3E67141C49A4}.Debug|Any CPU.ActiveCfg = Debug|Any CPU
		{083122E6-C942-4D7A-8067-3E67141C49A4}.Debug|Any CPU.Build.0 = Debug|Any CPU
		{083122E6-C942-4D7A-8067-3E67141C49A4}.Release|Any CPU.ActiveCfg = Release|Any CPU
		{083122E6-C942-4D7A-8067-3E67141C49A4}.Release|Any CPU.Build.0 = Release|Any CPU
		{4EFCAFE5-16AD-4B0C-BB2B-8C9C93DD1613}.Debug|Any CPU.ActiveCfg = Debug|Any CPU
		{4EFCAFE5-16AD-4B0C-BB2B-8C9C93DD1613}.Debug|Any CPU.Build.0 = Debug|Any CPU
		{4EFCAFE5-16AD-4B0C-BB2B-8C9C93DD1613}.Release|Any CPU.ActiveCfg = Release|Any CPU
		{4EFCAFE5-16AD-4B0C-BB2B-8C9C93DD1613}.Release|Any CPU.Build.0 = Release|Any CPU
		{2FC3DD3F-9AF8-4316-B073-E5BF640EA6FE}.Debug|Any CPU.ActiveCfg = Debug|Any CPU
		{2FC3DD3F-9AF8-4316-B073-E5BF640EA6FE}.Debug|Any CPU.Build.0 = Debug|Any CPU
		{2FC3DD3F-9AF8-4316-B073-E5BF640EA6FE}.Release|Any CPU.ActiveCfg = Release|Any CPU
		{2FC3DD3F-9AF8-4316-B073-E5BF640EA6FE}.Release|Any CPU.Build.0 = Release|Any CPU
		{21943C70-40A4-4C56-8A35-33D4B9F62210}.Debug|Any CPU.ActiveCfg = Debug|Any CPU
		{21943C70-40A4-4C56-8A35-33D4B9F62210}.Debug|Any CPU.Build.0 = Debug|Any CPU
		{21943C70-40A4-4C56-8A35-33D4B9F62210}.Release|Any CPU.ActiveCfg = Release|Any CPU
		{21943C70-40A4-4C56-8A35-33D4B9F62210}.Release|Any CPU.Build.0 = Release|Any CPU
		{7C4A88B6-C203-413E-AFAD-46BCC955D36F}.Debug|Any CPU.ActiveCfg = Debug|Any CPU
		{7C4A88B6-C203-413E-AFAD-46BCC955D36F}.Debug|Any CPU.Build.0 = Debug|Any CPU
		{7C4A88B6-C203-413E-AFAD-46BCC955D36F}.Release|Any CPU.ActiveCfg = Release|Any CPU
		{7C4A88B6-C203-413E-AFAD-46BCC955D36F}.Release|Any CPU.Build.0 = Release|Any CPU
		{24E257DA-8613-40C0-B90E-DAF91BDCC9C6}.Debug|Any CPU.ActiveCfg = Debug|Any CPU
		{24E257DA-8613-40C0-B90E-DAF91BDCC9C6}.Debug|Any CPU.Build.0 = Debug|Any CPU
		{24E257DA-8613-40C0-B90E-DAF91BDCC9C6}.Release|Any CPU.ActiveCfg = Release|Any CPU
		{24E257DA-8613-40C0-B90E-DAF91BDCC9C6}.Release|Any CPU.Build.0 = Release|Any CPU
		{7274008C-2BE4-40DD-8C99-374F457687FC}.Debug|Any CPU.ActiveCfg = Debug|Any CPU
		{7274008C-2BE4-40DD-8C99-374F457687FC}.Debug|Any CPU.Build.0 = Debug|Any CPU
		{7274008C-2BE4-40DD-8C99-374F457687FC}.Release|Any CPU.ActiveCfg = Release|Any CPU
		{7274008C-2BE4-40DD-8C99-374F457687FC}.Release|Any CPU.Build.0 = Release|Any CPU
		{E1E24CA3-FDB8-4586-B0B1-AC95EA5395D3}.Debug|Any CPU.ActiveCfg = Debug|Any CPU
		{E1E24CA3-FDB8-4586-B0B1-AC95EA5395D3}.Debug|Any CPU.Build.0 = Debug|Any CPU
		{E1E24CA3-FDB8-4586-B0B1-AC95EA5395D3}.Release|Any CPU.ActiveCfg = Release|Any CPU
		{E1E24CA3-FDB8-4586-B0B1-AC95EA5395D3}.Release|Any CPU.Build.0 = Release|Any CPU
		{215CDFD9-A4AE-48FD-8B53-19DD9238BC98}.Debug|Any CPU.ActiveCfg = Debug|Any CPU
		{215CDFD9-A4AE-48FD-8B53-19DD9238BC98}.Debug|Any CPU.Build.0 = Debug|Any CPU
		{215CDFD9-A4AE-48FD-8B53-19DD9238BC98}.Release|Any CPU.ActiveCfg = Release|Any CPU
		{215CDFD9-A4AE-48FD-8B53-19DD9238BC98}.Release|Any CPU.Build.0 = Release|Any CPU
		{EFF1E650-883B-4334-8D72-160589239885}.Debug|Any CPU.ActiveCfg = Debug|Any CPU
		{EFF1E650-883B-4334-8D72-160589239885}.Debug|Any CPU.Build.0 = Debug|Any CPU
		{EFF1E650-883B-4334-8D72-160589239885}.Release|Any CPU.ActiveCfg = Release|Any CPU
		{EFF1E650-883B-4334-8D72-160589239885}.Release|Any CPU.Build.0 = Release|Any CPU
		{35A589B9-D04D-41AC-AFDC-63262222BF69}.Debug|Any CPU.ActiveCfg = Debug|Any CPU
		{35A589B9-D04D-41AC-AFDC-63262222BF69}.Debug|Any CPU.Build.0 = Debug|Any CPU
		{35A589B9-D04D-41AC-AFDC-63262222BF69}.Release|Any CPU.ActiveCfg = Release|Any CPU
		{35A589B9-D04D-41AC-AFDC-63262222BF69}.Release|Any CPU.Build.0 = Release|Any CPU
		{C9546DA5-3774-4FC6-BA57-37699659F4A0}.Debug|Any CPU.ActiveCfg = Debug|Any CPU
		{C9546DA5-3774-4FC6-BA57-37699659F4A0}.Debug|Any CPU.Build.0 = Debug|Any CPU
		{C9546DA5-3774-4FC6-BA57-37699659F4A0}.Release|Any CPU.ActiveCfg = Release|Any CPU
		{C9546DA5-3774-4FC6-BA57-37699659F4A0}.Release|Any CPU.Build.0 = Release|Any CPU
		{FD3E831D-6DAB-4807-9B98-0D5567F221D6}.Debug|Any CPU.ActiveCfg = Debug|Any CPU
		{FD3E831D-6DAB-4807-9B98-0D5567F221D6}.Debug|Any CPU.Build.0 = Debug|Any CPU
		{FD3E831D-6DAB-4807-9B98-0D5567F221D6}.Release|Any CPU.ActiveCfg = Release|Any CPU
		{FD3E831D-6DAB-4807-9B98-0D5567F221D6}.Release|Any CPU.Build.0 = Release|Any CPU
		{5A748B7F-7F44-467B-9A90-77460014BDCA}.Debug|Any CPU.ActiveCfg = Debug|Any CPU
		{5A748B7F-7F44-467B-9A90-77460014BDCA}.Debug|Any CPU.Build.0 = Debug|Any CPU
		{5A748B7F-7F44-467B-9A90-77460014BDCA}.Release|Any CPU.ActiveCfg = Release|Any CPU
		{5A748B7F-7F44-467B-9A90-77460014BDCA}.Release|Any CPU.Build.0 = Release|Any CPU
		{7974044A-B519-410B-9038-847DA3CDFD2B}.Debug|Any CPU.ActiveCfg = Debug|Any CPU
		{7974044A-B519-410B-9038-847DA3CDFD2B}.Debug|Any CPU.Build.0 = Debug|Any CPU
		{7974044A-B519-410B-9038-847DA3CDFD2B}.Release|Any CPU.ActiveCfg = Release|Any CPU
		{7974044A-B519-410B-9038-847DA3CDFD2B}.Release|Any CPU.Build.0 = Release|Any CPU
		{F5AC7FEF-F2C8-43BF-A204-5320EA854F1B}.Debug|Any CPU.ActiveCfg = Debug|Any CPU
		{F5AC7FEF-F2C8-43BF-A204-5320EA854F1B}.Debug|Any CPU.Build.0 = Debug|Any CPU
		{F5AC7FEF-F2C8-43BF-A204-5320EA854F1B}.Release|Any CPU.ActiveCfg = Release|Any CPU
		{F5AC7FEF-F2C8-43BF-A204-5320EA854F1B}.Release|Any CPU.Build.0 = Release|Any CPU
	EndGlobalSection
	GlobalSection(SolutionProperties) = preSolution
		HideSolutionNode = FALSE
	EndGlobalSection
	GlobalSection(ExtensibilityGlobals) = postSolution
		SolutionGuid = {7DE04286-CB3D-4099-9267-EFA54CB376EF}
	EndGlobalSection
EndGlobal
